// !$*UTF8*$!
{
	archiveVersion = 1;
	classes = {
	};
	objectVersion = 46;
	objects = {

/* Begin PBXBuildFile section */
		9F0C17521B390C5300122D7C /* AppDelegate.swift in Sources */ = {isa = PBXBuildFile; fileRef = 9F0C17511B390C5300122D7C /* AppDelegate.swift */; };
		9F0C17551B390C5300122D7C /* WhyDoPeopleLikeYou.xcdatamodeld in Sources */ = {isa = PBXBuildFile; fileRef = 9F0C17531B390C5300122D7C /* WhyDoPeopleLikeYou.xcdatamodeld */; };
		9F0C17571B390C5300122D7C /* ViewController.swift in Sources */ = {isa = PBXBuildFile; fileRef = 9F0C17561B390C5300122D7C /* ViewController.swift */; };
		9F0C175A1B390C5300122D7C /* Main.storyboard in Resources */ = {isa = PBXBuildFile; fileRef = 9F0C17581B390C5300122D7C /* Main.storyboard */; };
		9F0C175C1B390C5300122D7C /* Images.xcassets in Resources */ = {isa = PBXBuildFile; fileRef = 9F0C175B1B390C5300122D7C /* Images.xcassets */; };
		9F0C175F1B390C5300122D7C /* LaunchScreen.xib in Resources */ = {isa = PBXBuildFile; fileRef = 9F0C175D1B390C5300122D7C /* LaunchScreen.xib */; };
		9F0C176B1B390C5300122D7C /* WhyDoPeopleLikeYouTests.swift in Sources */ = {isa = PBXBuildFile; fileRef = 9F0C176A1B390C5300122D7C /* WhyDoPeopleLikeYouTests.swift */; };
		9F0C177A1B390E5800122D7C /* Bolts.framework in Frameworks */ = {isa = PBXBuildFile; fileRef = 9F0C17741B390E5800122D7C /* Bolts.framework */; };
		9F0C177B1B390E5800122D7C /* Parse.framework in Frameworks */ = {isa = PBXBuildFile; fileRef = 9F0C17751B390E5800122D7C /* Parse.framework */; };
		9F0C177C1B390E5800122D7C /* ParseCrashReporting.framework in Frameworks */ = {isa = PBXBuildFile; fileRef = 9F0C17761B390E5800122D7C /* ParseCrashReporting.framework */; };
		9F0C177D1B390E5800122D7C /* ParseFacebookUtils.framework in Frameworks */ = {isa = PBXBuildFile; fileRef = 9F0C17771B390E5800122D7C /* ParseFacebookUtils.framework */; };
		9F0C177E1B390E5800122D7C /* ParseFacebookUtilsV4.framework in Frameworks */ = {isa = PBXBuildFile; fileRef = 9F0C17781B390E5800122D7C /* ParseFacebookUtilsV4.framework */; };
		9F0C177F1B390E5800122D7C /* ParseUI.framework in Frameworks */ = {isa = PBXBuildFile; fileRef = 9F0C17791B390E5800122D7C /* ParseUI.framework */; };
		9F0C17811B390E7A00122D7C /* AudioToolbox.framework in Frameworks */ = {isa = PBXBuildFile; fileRef = 9F0C17801B390E7A00122D7C /* AudioToolbox.framework */; };
		9F0C17831B390E8000122D7C /* CFNetwork.framework in Frameworks */ = {isa = PBXBuildFile; fileRef = 9F0C17821B390E8000122D7C /* CFNetwork.framework */; };
		9F0C17851B390E8500122D7C /* CoreGraphics.framework in Frameworks */ = {isa = PBXBuildFile; fileRef = 9F0C17841B390E8500122D7C /* CoreGraphics.framework */; };
		9F0C17871B390E8B00122D7C /* CoreLocation.framework in Frameworks */ = {isa = PBXBuildFile; fileRef = 9F0C17861B390E8B00122D7C /* CoreLocation.framework */; };
		9F0C17891B390E9000122D7C /* MobileCoreServices.framework in Frameworks */ = {isa = PBXBuildFile; fileRef = 9F0C17881B390E9000122D7C /* MobileCoreServices.framework */; };
		9F0C178B1B390E9600122D7C /* QuartzCore.framework in Frameworks */ = {isa = PBXBuildFile; fileRef = 9F0C178A1B390E9600122D7C /* QuartzCore.framework */; };
		9F0C178D1B390E9C00122D7C /* Security.framework in Frameworks */ = {isa = PBXBuildFile; fileRef = 9F0C178C1B390E9C00122D7C /* Security.framework */; };
		9F0C178F1B390EA300122D7C /* StoreKit.framework in Frameworks */ = {isa = PBXBuildFile; fileRef = 9F0C178E1B390EA300122D7C /* StoreKit.framework */; };
		9F0C17911B390EA800122D7C /* SystemConfiguration.framework in Frameworks */ = {isa = PBXBuildFile; fileRef = 9F0C17901B390EA800122D7C /* SystemConfiguration.framework */; };
		9F0C17931B390EAE00122D7C /* libz.dylib in Frameworks */ = {isa = PBXBuildFile; fileRef = 9F0C17921B390EAE00122D7C /* libz.dylib */; };
		9F0C17951B390EB800122D7C /* libsqlite3.dylib in Frameworks */ = {isa = PBXBuildFile; fileRef = 9F0C17941B390EB800122D7C /* libsqlite3.dylib */; };
		9F0C17A01B3910DE00122D7C /* FBSDKCoreKit.framework in Frameworks */ = {isa = PBXBuildFile; fileRef = 9F0C179D1B3910DE00122D7C /* FBSDKCoreKit.framework */; };
		9F0C17A11B3910DE00122D7C /* FBSDKLoginKit.framework in Frameworks */ = {isa = PBXBuildFile; fileRef = 9F0C179E1B3910DE00122D7C /* FBSDKLoginKit.framework */; };
		9F0C17A21B3910DE00122D7C /* FBSDKShareKit.framework in Frameworks */ = {isa = PBXBuildFile; fileRef = 9F0C179F1B3910DE00122D7C /* FBSDKShareKit.framework */; };
		9F0D0FA81B3A9EB900B24C86 /* AdvertisementViewController.swift in Sources */ = {isa = PBXBuildFile; fileRef = 9F0D0FA71B3A9EB900B24C86 /* AdvertisementViewController.swift */; };
		9F11D84C1B4151D800B91BB3 /* SwiftSpinner.swift in Sources */ = {isa = PBXBuildFile; fileRef = 9F11D84B1B4151D800B91BB3 /* SwiftSpinner.swift */; };
		9F11D8511B415CBC00B91BB3 /* CustomAlertView.swift in Sources */ = {isa = PBXBuildFile; fileRef = 9F11D8501B415CBC00B91BB3 /* CustomAlertView.swift */; };
		9F11D8531B424BFA00B91BB3 /* QuestionViewController.swift in Sources */ = {isa = PBXBuildFile; fileRef = 9F11D8521B424BFA00B91BB3 /* QuestionViewController.swift */; };
		9F18D1601B39229100C97F52 /* NSData+ImageContentType.m in Sources */ = {isa = PBXBuildFile; fileRef = 9F18D1441B39229000C97F52 /* NSData+ImageContentType.m */; };
		9F18D1611B39229100C97F52 /* SDImageCache.m in Sources */ = {isa = PBXBuildFile; fileRef = 9F18D1461B39229000C97F52 /* SDImageCache.m */; };
		9F18D1621B39229100C97F52 /* SDWebImageCompat.m in Sources */ = {isa = PBXBuildFile; fileRef = 9F18D1481B39229000C97F52 /* SDWebImageCompat.m */; };
		9F18D1631B39229100C97F52 /* SDWebImageDecoder.m in Sources */ = {isa = PBXBuildFile; fileRef = 9F18D14A1B39229000C97F52 /* SDWebImageDecoder.m */; };
		9F18D1641B39229100C97F52 /* SDWebImageDownloader.m in Sources */ = {isa = PBXBuildFile; fileRef = 9F18D14C1B39229000C97F52 /* SDWebImageDownloader.m */; };
		9F18D1651B39229100C97F52 /* SDWebImageDownloaderOperation.m in Sources */ = {isa = PBXBuildFile; fileRef = 9F18D14E1B39229000C97F52 /* SDWebImageDownloaderOperation.m */; };
		9F18D1661B39229100C97F52 /* SDWebImageManager.m in Sources */ = {isa = PBXBuildFile; fileRef = 9F18D1501B39229000C97F52 /* SDWebImageManager.m */; };
		9F18D1671B39229100C97F52 /* SDWebImagePrefetcher.m in Sources */ = {isa = PBXBuildFile; fileRef = 9F18D1531B39229000C97F52 /* SDWebImagePrefetcher.m */; };
		9F18D1681B39229100C97F52 /* UIButton+WebCache.m in Sources */ = {isa = PBXBuildFile; fileRef = 9F18D1551B39229000C97F52 /* UIButton+WebCache.m */; };
		9F18D1691B39229100C97F52 /* UIImage+GIF.m in Sources */ = {isa = PBXBuildFile; fileRef = 9F18D1571B39229000C97F52 /* UIImage+GIF.m */; };
		9F18D16A1B39229100C97F52 /* UIImage+MultiFormat.m in Sources */ = {isa = PBXBuildFile; fileRef = 9F18D1591B39229000C97F52 /* UIImage+MultiFormat.m */; };
		9F18D16B1B39229100C97F52 /* UIImageView+HighlightedWebCache.m in Sources */ = {isa = PBXBuildFile; fileRef = 9F18D15B1B39229000C97F52 /* UIImageView+HighlightedWebCache.m */; };
		9F18D16C1B39229100C97F52 /* UIImageView+WebCache.m in Sources */ = {isa = PBXBuildFile; fileRef = 9F18D15D1B39229100C97F52 /* UIImageView+WebCache.m */; };
		9F18D16D1B39229100C97F52 /* UIView+WebCacheOperation.m in Sources */ = {isa = PBXBuildFile; fileRef = 9F18D15F1B39229100C97F52 /* UIView+WebCacheOperation.m */; };
		9F18D1711B3922D600C97F52 /* CircularLoaderView.swift in Sources */ = {isa = PBXBuildFile; fileRef = 9F18D16F1B3922D600C97F52 /* CircularLoaderView.swift */; };
		9F18D1721B3922D600C97F52 /* CustomImageView.swift in Sources */ = {isa = PBXBuildFile; fileRef = 9F18D1701B3922D600C97F52 /* CustomImageView.swift */; };
		9F18D1741B3943E900C97F52 /* DataController.swift in Sources */ = {isa = PBXBuildFile; fileRef = 9F18D1731B3943E900C97F52 /* DataController.swift */; };
		9F297CEF1B429197006CFCED /* ResultViewController.swift in Sources */ = {isa = PBXBuildFile; fileRef = 9F297CEE1B429197006CFCED /* ResultViewController.swift */; };
		9FC9A17E1B4694780033643B /* testRatioImage.png in Resources */ = {isa = PBXBuildFile; fileRef = 9FC9A17D1B4694780033643B /* testRatioImage.png */; };
		9FD64D391B43AAA4006B8CEA /* UserLogged.swift in Sources */ = {isa = PBXBuildFile; fileRef = 9FD64D381B43AAA4006B8CEA /* UserLogged.swift */; };
		9FD928631B44F28E007602DC /* RetryViewController.swift in Sources */ = {isa = PBXBuildFile; fileRef = 9FD928621B44F28E007602DC /* RetryViewController.swift */; };
		9FDE82FD1B453CA700B513AE /* background2.png in Resources */ = {isa = PBXBuildFile; fileRef = 9FDE82D51B453CA700B513AE /* background2.png */; };
		9FDE82FE1B453CA700B513AE /* icon.psd in Resources */ = {isa = PBXBuildFile; fileRef = 9FDE82D61B453CA700B513AE /* icon.psd */; };
		9FDE83011B453CA700B513AE /* icon120px.png in Resources */ = {isa = PBXBuildFile; fileRef = 9FDE82D91B453CA700B513AE /* icon120px.png */; };
		9FDE83021B453CA700B513AE /* icon180px.png in Resources */ = {isa = PBXBuildFile; fileRef = 9FDE82DA1B453CA700B513AE /* icon180px.png */; };
		9FDE83031B453CA700B513AE /* icon58px.png in Resources */ = {isa = PBXBuildFile; fileRef = 9FDE82DB1B453CA700B513AE /* icon58px.png */; };
		9FDE83041B453CA700B513AE /* icon80px.png in Resources */ = {isa = PBXBuildFile; fileRef = 9FDE82DC1B453CA700B513AE /* icon80px.png */; };
		9FDE83051B453CA700B513AE /* icon87px.png in Resources */ = {isa = PBXBuildFile; fileRef = 9FDE82DD1B453CA700B513AE /* icon87px.png */; };
		9FDE83061B453CA700B513AE /* launchScreen.png in Resources */ = {isa = PBXBuildFile; fileRef = 9FDE82DE1B453CA700B513AE /* launchScreen.png */; };
		9FDE83071B453CA700B513AE /* main_background.png in Resources */ = {isa = PBXBuildFile; fileRef = 9FDE82DF1B453CA700B513AE /* main_background.png */; };
		9FDE83081B453CA700B513AE /* noonswoon.png in Resources */ = {isa = PBXBuildFile; fileRef = 9FDE82E01B453CA700B513AE /* noonswoon.png */; };
		9FDE83091B453CA700B513AE /* NoonswoonAds.png in Resources */ = {isa = PBXBuildFile; fileRef = 9FDE82E11B453CA700B513AE /* NoonswoonAds.png */; };
		9FDE830A1B453CA700B513AE /* 1.png in Resources */ = {isa = PBXBuildFile; fileRef = 9FDE82E31B453CA700B513AE /* 1.png */; };
		9FDE830B1B453CA700B513AE /* 10.png in Resources */ = {isa = PBXBuildFile; fileRef = 9FDE82E41B453CA700B513AE /* 10.png */; };
		9FDE830C1B453CA700B513AE /* 11.png in Resources */ = {isa = PBXBuildFile; fileRef = 9FDE82E51B453CA700B513AE /* 11.png */; };
		9FDE830D1B453CA700B513AE /* 12.png in Resources */ = {isa = PBXBuildFile; fileRef = 9FDE82E61B453CA700B513AE /* 12.png */; };
		9FDE830E1B453CA700B513AE /* 13.png in Resources */ = {isa = PBXBuildFile; fileRef = 9FDE82E71B453CA700B513AE /* 13.png */; };
		9FDE830F1B453CA700B513AE /* 14.png in Resources */ = {isa = PBXBuildFile; fileRef = 9FDE82E81B453CA700B513AE /* 14.png */; };
		9FDE83101B453CA700B513AE /* 15.png in Resources */ = {isa = PBXBuildFile; fileRef = 9FDE82E91B453CA700B513AE /* 15.png */; };
		9FDE83111B453CA700B513AE /* 16.png in Resources */ = {isa = PBXBuildFile; fileRef = 9FDE82EA1B453CA700B513AE /* 16.png */; };
		9FDE83121B453CA700B513AE /* 17.png in Resources */ = {isa = PBXBuildFile; fileRef = 9FDE82EB1B453CA700B513AE /* 17.png */; };
		9FDE83131B453CA700B513AE /* 18.png in Resources */ = {isa = PBXBuildFile; fileRef = 9FDE82EC1B453CA700B513AE /* 18.png */; };
		9FDE83141B453CA700B513AE /* 19.png in Resources */ = {isa = PBXBuildFile; fileRef = 9FDE82ED1B453CA700B513AE /* 19.png */; };
		9FDE83151B453CA700B513AE /* 2.png in Resources */ = {isa = PBXBuildFile; fileRef = 9FDE82EE1B453CA700B513AE /* 2.png */; };
		9FDE83161B453CA700B513AE /* 20.png in Resources */ = {isa = PBXBuildFile; fileRef = 9FDE82EF1B453CA700B513AE /* 20.png */; };
		9FDE83171B453CA700B513AE /* 21.png in Resources */ = {isa = PBXBuildFile; fileRef = 9FDE82F01B453CA700B513AE /* 21.png */; };
		9FDE83181B453CA700B513AE /* 22.png in Resources */ = {isa = PBXBuildFile; fileRef = 9FDE82F11B453CA700B513AE /* 22.png */; };
		9FDE83191B453CA700B513AE /* 23.png in Resources */ = {isa = PBXBuildFile; fileRef = 9FDE82F21B453CA700B513AE /* 23.png */; };
		9FDE831A1B453CA700B513AE /* 3.png in Resources */ = {isa = PBXBuildFile; fileRef = 9FDE82F31B453CA700B513AE /* 3.png */; };
		9FDE831B1B453CA700B513AE /* 4.png in Resources */ = {isa = PBXBuildFile; fileRef = 9FDE82F41B453CA700B513AE /* 4.png */; };
		9FDE831C1B453CA700B513AE /* 5.png in Resources */ = {isa = PBXBuildFile; fileRef = 9FDE82F51B453CA700B513AE /* 5.png */; };
		9FDE831D1B453CA700B513AE /* 6.png in Resources */ = {isa = PBXBuildFile; fileRef = 9FDE82F61B453CA700B513AE /* 6.png */; };
		9FDE831E1B453CA700B513AE /* 7.png in Resources */ = {isa = PBXBuildFile; fileRef = 9FDE82F71B453CA700B513AE /* 7.png */; };
		9FDE831F1B453CA700B513AE /* 8.png in Resources */ = {isa = PBXBuildFile; fileRef = 9FDE82F81B453CA700B513AE /* 8.png */; };
		9FDE83201B453CA700B513AE /* 9.png in Resources */ = {isa = PBXBuildFile; fileRef = 9FDE82F91B453CA700B513AE /* 9.png */; };
		9FDE83211B453CA700B513AE /* retry.png in Resources */ = {isa = PBXBuildFile; fileRef = 9FDE82FA1B453CA700B513AE /* retry.png */; };
		9FDE83231B453CA700B513AE /* tempResult.png in Resources */ = {isa = PBXBuildFile; fileRef = 9FDE82FC1B453CA700B513AE /* tempResult.png */; };
		9FDE83271B454CDF00B513AE /* tempContentBackground.png in Resources */ = {isa = PBXBuildFile; fileRef = 9FDE83261B454CDF00B513AE /* tempContentBackground.png */; };
/* End PBXBuildFile section */

/* Begin PBXContainerItemProxy section */
		9F0C17651B390C5300122D7C /* PBXContainerItemProxy */ = {
			isa = PBXContainerItemProxy;
			containerPortal = 9F0C17441B390C5300122D7C /* Project object */;
			proxyType = 1;
			remoteGlobalIDString = 9F0C174B1B390C5300122D7C;
			remoteInfo = WhyDoPeopleLikeYou;
		};
/* End PBXContainerItemProxy section */

/* Begin PBXFileReference section */
		9F0C174C1B390C5300122D7C /* WhyDoPeopleLikeYou.app */ = {isa = PBXFileReference; explicitFileType = wrapper.application; includeInIndex = 0; path = WhyDoPeopleLikeYou.app; sourceTree = BUILT_PRODUCTS_DIR; };
		9F0C17501B390C5300122D7C /* Info.plist */ = {isa = PBXFileReference; lastKnownFileType = text.plist.xml; path = Info.plist; sourceTree = "<group>"; };
		9F0C17511B390C5300122D7C /* AppDelegate.swift */ = {isa = PBXFileReference; lastKnownFileType = sourcecode.swift; path = AppDelegate.swift; sourceTree = "<group>"; };
		9F0C17541B390C5300122D7C /* WhyDoPeopleLikeYou.xcdatamodel */ = {isa = PBXFileReference; lastKnownFileType = wrapper.xcdatamodel; path = WhyDoPeopleLikeYou.xcdatamodel; sourceTree = "<group>"; };
		9F0C17561B390C5300122D7C /* ViewController.swift */ = {isa = PBXFileReference; lastKnownFileType = sourcecode.swift; path = ViewController.swift; sourceTree = "<group>"; };
		9F0C17591B390C5300122D7C /* Base */ = {isa = PBXFileReference; lastKnownFileType = file.storyboard; name = Base; path = Base.lproj/Main.storyboard; sourceTree = "<group>"; };
		9F0C175B1B390C5300122D7C /* Images.xcassets */ = {isa = PBXFileReference; lastKnownFileType = folder.assetcatalog; path = Images.xcassets; sourceTree = "<group>"; };
		9F0C175E1B390C5300122D7C /* Base */ = {isa = PBXFileReference; lastKnownFileType = file.xib; name = Base; path = Base.lproj/LaunchScreen.xib; sourceTree = "<group>"; };
		9F0C17641B390C5300122D7C /* WhyDoPeopleLikeYouTests.xctest */ = {isa = PBXFileReference; explicitFileType = wrapper.cfbundle; includeInIndex = 0; path = WhyDoPeopleLikeYouTests.xctest; sourceTree = BUILT_PRODUCTS_DIR; };
		9F0C17691B390C5300122D7C /* Info.plist */ = {isa = PBXFileReference; lastKnownFileType = text.plist.xml; path = Info.plist; sourceTree = "<group>"; };
		9F0C176A1B390C5300122D7C /* WhyDoPeopleLikeYouTests.swift */ = {isa = PBXFileReference; lastKnownFileType = sourcecode.swift; path = WhyDoPeopleLikeYouTests.swift; sourceTree = "<group>"; };
		9F0C17741B390E5800122D7C /* Bolts.framework */ = {isa = PBXFileReference; lastKnownFileType = wrapper.framework; name = Bolts.framework; path = Framework/Bolts.framework; sourceTree = "<group>"; };
		9F0C17751B390E5800122D7C /* Parse.framework */ = {isa = PBXFileReference; lastKnownFileType = wrapper.framework; name = Parse.framework; path = Framework/Parse.framework; sourceTree = "<group>"; };
		9F0C17761B390E5800122D7C /* ParseCrashReporting.framework */ = {isa = PBXFileReference; lastKnownFileType = wrapper.framework; name = ParseCrashReporting.framework; path = Framework/ParseCrashReporting.framework; sourceTree = "<group>"; };
		9F0C17771B390E5800122D7C /* ParseFacebookUtils.framework */ = {isa = PBXFileReference; lastKnownFileType = wrapper.framework; name = ParseFacebookUtils.framework; path = Framework/ParseFacebookUtils.framework; sourceTree = "<group>"; };
		9F0C17781B390E5800122D7C /* ParseFacebookUtilsV4.framework */ = {isa = PBXFileReference; lastKnownFileType = wrapper.framework; name = ParseFacebookUtilsV4.framework; path = Framework/ParseFacebookUtilsV4.framework; sourceTree = "<group>"; };
		9F0C17791B390E5800122D7C /* ParseUI.framework */ = {isa = PBXFileReference; lastKnownFileType = wrapper.framework; name = ParseUI.framework; path = Framework/ParseUI.framework; sourceTree = "<group>"; };
		9F0C17801B390E7A00122D7C /* AudioToolbox.framework */ = {isa = PBXFileReference; lastKnownFileType = wrapper.framework; name = AudioToolbox.framework; path = System/Library/Frameworks/AudioToolbox.framework; sourceTree = SDKROOT; };
		9F0C17821B390E8000122D7C /* CFNetwork.framework */ = {isa = PBXFileReference; lastKnownFileType = wrapper.framework; name = CFNetwork.framework; path = System/Library/Frameworks/CFNetwork.framework; sourceTree = SDKROOT; };
		9F0C17841B390E8500122D7C /* CoreGraphics.framework */ = {isa = PBXFileReference; lastKnownFileType = wrapper.framework; name = CoreGraphics.framework; path = System/Library/Frameworks/CoreGraphics.framework; sourceTree = SDKROOT; };
		9F0C17861B390E8B00122D7C /* CoreLocation.framework */ = {isa = PBXFileReference; lastKnownFileType = wrapper.framework; name = CoreLocation.framework; path = System/Library/Frameworks/CoreLocation.framework; sourceTree = SDKROOT; };
		9F0C17881B390E9000122D7C /* MobileCoreServices.framework */ = {isa = PBXFileReference; lastKnownFileType = wrapper.framework; name = MobileCoreServices.framework; path = System/Library/Frameworks/MobileCoreServices.framework; sourceTree = SDKROOT; };
		9F0C178A1B390E9600122D7C /* QuartzCore.framework */ = {isa = PBXFileReference; lastKnownFileType = wrapper.framework; name = QuartzCore.framework; path = System/Library/Frameworks/QuartzCore.framework; sourceTree = SDKROOT; };
		9F0C178C1B390E9C00122D7C /* Security.framework */ = {isa = PBXFileReference; lastKnownFileType = wrapper.framework; name = Security.framework; path = System/Library/Frameworks/Security.framework; sourceTree = SDKROOT; };
		9F0C178E1B390EA300122D7C /* StoreKit.framework */ = {isa = PBXFileReference; lastKnownFileType = wrapper.framework; name = StoreKit.framework; path = System/Library/Frameworks/StoreKit.framework; sourceTree = SDKROOT; };
		9F0C17901B390EA800122D7C /* SystemConfiguration.framework */ = {isa = PBXFileReference; lastKnownFileType = wrapper.framework; name = SystemConfiguration.framework; path = System/Library/Frameworks/SystemConfiguration.framework; sourceTree = SDKROOT; };
		9F0C17921B390EAE00122D7C /* libz.dylib */ = {isa = PBXFileReference; lastKnownFileType = "compiled.mach-o.dylib"; name = libz.dylib; path = usr/lib/libz.dylib; sourceTree = SDKROOT; };
		9F0C17941B390EB800122D7C /* libsqlite3.dylib */ = {isa = PBXFileReference; lastKnownFileType = "compiled.mach-o.dylib"; name = libsqlite3.dylib; path = usr/lib/libsqlite3.dylib; sourceTree = SDKROOT; };
		9F0C179D1B3910DE00122D7C /* FBSDKCoreKit.framework */ = {isa = PBXFileReference; lastKnownFileType = wrapper.framework; name = FBSDKCoreKit.framework; path = ../../../FacebookSDK/FBSDKCoreKit.framework; sourceTree = "<group>"; };
		9F0C179E1B3910DE00122D7C /* FBSDKLoginKit.framework */ = {isa = PBXFileReference; lastKnownFileType = wrapper.framework; name = FBSDKLoginKit.framework; path = ../../../FacebookSDK/FBSDKLoginKit.framework; sourceTree = "<group>"; };
		9F0C179F1B3910DE00122D7C /* FBSDKShareKit.framework */ = {isa = PBXFileReference; lastKnownFileType = wrapper.framework; name = FBSDKShareKit.framework; path = ../../../FacebookSDK/FBSDKShareKit.framework; sourceTree = "<group>"; };
		9F0C17A31B3911B200122D7C /* WhyDoPeopleLikeYou-Bridging-Header.h */ = {isa = PBXFileReference; lastKnownFileType = sourcecode.c.h; path = "WhyDoPeopleLikeYou-Bridging-Header.h"; sourceTree = "<group>"; };
		9F0D0FA71B3A9EB900B24C86 /* AdvertisementViewController.swift */ = {isa = PBXFileReference; fileEncoding = 4; lastKnownFileType = sourcecode.swift; path = AdvertisementViewController.swift; sourceTree = "<group>"; };
		9F11D84B1B4151D800B91BB3 /* SwiftSpinner.swift */ = {isa = PBXFileReference; fileEncoding = 4; lastKnownFileType = sourcecode.swift; path = SwiftSpinner.swift; sourceTree = "<group>"; };
		9F11D8501B415CBC00B91BB3 /* CustomAlertView.swift */ = {isa = PBXFileReference; fileEncoding = 4; lastKnownFileType = sourcecode.swift; path = CustomAlertView.swift; sourceTree = "<group>"; };
		9F11D8521B424BFA00B91BB3 /* QuestionViewController.swift */ = {isa = PBXFileReference; fileEncoding = 4; lastKnownFileType = sourcecode.swift; path = QuestionViewController.swift; sourceTree = "<group>"; };
		9F18D1431B39229000C97F52 /* NSData+ImageContentType.h */ = {isa = PBXFileReference; fileEncoding = 4; lastKnownFileType = sourcecode.c.h; path = "NSData+ImageContentType.h"; sourceTree = "<group>"; };
		9F18D1441B39229000C97F52 /* NSData+ImageContentType.m */ = {isa = PBXFileReference; fileEncoding = 4; lastKnownFileType = sourcecode.c.objc; path = "NSData+ImageContentType.m"; sourceTree = "<group>"; };
		9F18D1451B39229000C97F52 /* SDImageCache.h */ = {isa = PBXFileReference; fileEncoding = 4; lastKnownFileType = sourcecode.c.h; path = SDImageCache.h; sourceTree = "<group>"; };
		9F18D1461B39229000C97F52 /* SDImageCache.m */ = {isa = PBXFileReference; fileEncoding = 4; lastKnownFileType = sourcecode.c.objc; path = SDImageCache.m; sourceTree = "<group>"; };
		9F18D1471B39229000C97F52 /* SDWebImageCompat.h */ = {isa = PBXFileReference; fileEncoding = 4; lastKnownFileType = sourcecode.c.h; path = SDWebImageCompat.h; sourceTree = "<group>"; };
		9F18D1481B39229000C97F52 /* SDWebImageCompat.m */ = {isa = PBXFileReference; fileEncoding = 4; lastKnownFileType = sourcecode.c.objc; path = SDWebImageCompat.m; sourceTree = "<group>"; };
		9F18D1491B39229000C97F52 /* SDWebImageDecoder.h */ = {isa = PBXFileReference; fileEncoding = 4; lastKnownFileType = sourcecode.c.h; path = SDWebImageDecoder.h; sourceTree = "<group>"; };
		9F18D14A1B39229000C97F52 /* SDWebImageDecoder.m */ = {isa = PBXFileReference; fileEncoding = 4; lastKnownFileType = sourcecode.c.objc; path = SDWebImageDecoder.m; sourceTree = "<group>"; };
		9F18D14B1B39229000C97F52 /* SDWebImageDownloader.h */ = {isa = PBXFileReference; fileEncoding = 4; lastKnownFileType = sourcecode.c.h; path = SDWebImageDownloader.h; sourceTree = "<group>"; };
		9F18D14C1B39229000C97F52 /* SDWebImageDownloader.m */ = {isa = PBXFileReference; fileEncoding = 4; lastKnownFileType = sourcecode.c.objc; path = SDWebImageDownloader.m; sourceTree = "<group>"; };
		9F18D14D1B39229000C97F52 /* SDWebImageDownloaderOperation.h */ = {isa = PBXFileReference; fileEncoding = 4; lastKnownFileType = sourcecode.c.h; path = SDWebImageDownloaderOperation.h; sourceTree = "<group>"; };
		9F18D14E1B39229000C97F52 /* SDWebImageDownloaderOperation.m */ = {isa = PBXFileReference; fileEncoding = 4; lastKnownFileType = sourcecode.c.objc; path = SDWebImageDownloaderOperation.m; sourceTree = "<group>"; };
		9F18D14F1B39229000C97F52 /* SDWebImageManager.h */ = {isa = PBXFileReference; fileEncoding = 4; lastKnownFileType = sourcecode.c.h; path = SDWebImageManager.h; sourceTree = "<group>"; };
		9F18D1501B39229000C97F52 /* SDWebImageManager.m */ = {isa = PBXFileReference; fileEncoding = 4; lastKnownFileType = sourcecode.c.objc; path = SDWebImageManager.m; sourceTree = "<group>"; };
		9F18D1511B39229000C97F52 /* SDWebImageOperation.h */ = {isa = PBXFileReference; fileEncoding = 4; lastKnownFileType = sourcecode.c.h; path = SDWebImageOperation.h; sourceTree = "<group>"; };
		9F18D1521B39229000C97F52 /* SDWebImagePrefetcher.h */ = {isa = PBXFileReference; fileEncoding = 4; lastKnownFileType = sourcecode.c.h; path = SDWebImagePrefetcher.h; sourceTree = "<group>"; };
		9F18D1531B39229000C97F52 /* SDWebImagePrefetcher.m */ = {isa = PBXFileReference; fileEncoding = 4; lastKnownFileType = sourcecode.c.objc; path = SDWebImagePrefetcher.m; sourceTree = "<group>"; };
		9F18D1541B39229000C97F52 /* UIButton+WebCache.h */ = {isa = PBXFileReference; fileEncoding = 4; lastKnownFileType = sourcecode.c.h; path = "UIButton+WebCache.h"; sourceTree = "<group>"; };
		9F18D1551B39229000C97F52 /* UIButton+WebCache.m */ = {isa = PBXFileReference; fileEncoding = 4; lastKnownFileType = sourcecode.c.objc; path = "UIButton+WebCache.m"; sourceTree = "<group>"; };
		9F18D1561B39229000C97F52 /* UIImage+GIF.h */ = {isa = PBXFileReference; fileEncoding = 4; lastKnownFileType = sourcecode.c.h; path = "UIImage+GIF.h"; sourceTree = "<group>"; };
		9F18D1571B39229000C97F52 /* UIImage+GIF.m */ = {isa = PBXFileReference; fileEncoding = 4; lastKnownFileType = sourcecode.c.objc; path = "UIImage+GIF.m"; sourceTree = "<group>"; };
		9F18D1581B39229000C97F52 /* UIImage+MultiFormat.h */ = {isa = PBXFileReference; fileEncoding = 4; lastKnownFileType = sourcecode.c.h; path = "UIImage+MultiFormat.h"; sourceTree = "<group>"; };
		9F18D1591B39229000C97F52 /* UIImage+MultiFormat.m */ = {isa = PBXFileReference; fileEncoding = 4; lastKnownFileType = sourcecode.c.objc; path = "UIImage+MultiFormat.m"; sourceTree = "<group>"; };
		9F18D15A1B39229000C97F52 /* UIImageView+HighlightedWebCache.h */ = {isa = PBXFileReference; fileEncoding = 4; lastKnownFileType = sourcecode.c.h; path = "UIImageView+HighlightedWebCache.h"; sourceTree = "<group>"; };
		9F18D15B1B39229000C97F52 /* UIImageView+HighlightedWebCache.m */ = {isa = PBXFileReference; fileEncoding = 4; lastKnownFileType = sourcecode.c.objc; path = "UIImageView+HighlightedWebCache.m"; sourceTree = "<group>"; };
		9F18D15C1B39229100C97F52 /* UIImageView+WebCache.h */ = {isa = PBXFileReference; fileEncoding = 4; lastKnownFileType = sourcecode.c.h; path = "UIImageView+WebCache.h"; sourceTree = "<group>"; };
		9F18D15D1B39229100C97F52 /* UIImageView+WebCache.m */ = {isa = PBXFileReference; fileEncoding = 4; lastKnownFileType = sourcecode.c.objc; path = "UIImageView+WebCache.m"; sourceTree = "<group>"; };
		9F18D15E1B39229100C97F52 /* UIView+WebCacheOperation.h */ = {isa = PBXFileReference; fileEncoding = 4; lastKnownFileType = sourcecode.c.h; path = "UIView+WebCacheOperation.h"; sourceTree = "<group>"; };
		9F18D15F1B39229100C97F52 /* UIView+WebCacheOperation.m */ = {isa = PBXFileReference; fileEncoding = 4; lastKnownFileType = sourcecode.c.objc; path = "UIView+WebCacheOperation.m"; sourceTree = "<group>"; };
		9F18D16F1B3922D600C97F52 /* CircularLoaderView.swift */ = {isa = PBXFileReference; fileEncoding = 4; lastKnownFileType = sourcecode.swift; path = CircularLoaderView.swift; sourceTree = "<group>"; };
		9F18D1701B3922D600C97F52 /* CustomImageView.swift */ = {isa = PBXFileReference; fileEncoding = 4; lastKnownFileType = sourcecode.swift; path = CustomImageView.swift; sourceTree = "<group>"; };
		9F18D1731B3943E900C97F52 /* DataController.swift */ = {isa = PBXFileReference; fileEncoding = 4; lastKnownFileType = sourcecode.swift; path = DataController.swift; sourceTree = "<group>"; };
		9F297CEE1B429197006CFCED /* ResultViewController.swift */ = {isa = PBXFileReference; fileEncoding = 4; lastKnownFileType = sourcecode.swift; path = ResultViewController.swift; sourceTree = "<group>"; };
		9FC9A17D1B4694780033643B /* testRatioImage.png */ = {isa = PBXFileReference; lastKnownFileType = image.png; path = testRatioImage.png; sourceTree = "<group>"; };
		9FD64D381B43AAA4006B8CEA /* UserLogged.swift */ = {isa = PBXFileReference; fileEncoding = 4; lastKnownFileType = sourcecode.swift; path = UserLogged.swift; sourceTree = "<group>"; };
		9FD928621B44F28E007602DC /* RetryViewController.swift */ = {isa = PBXFileReference; fileEncoding = 4; lastKnownFileType = sourcecode.swift; path = RetryViewController.swift; sourceTree = "<group>"; };
		9FDE82D51B453CA700B513AE /* background2.png */ = {isa = PBXFileReference; lastKnownFileType = image.png; path = background2.png; sourceTree = "<group>"; };
		9FDE82D61B453CA700B513AE /* icon.psd */ = {isa = PBXFileReference; lastKnownFileType = file; path = icon.psd; sourceTree = "<group>"; };
		9FDE82D91B453CA700B513AE /* icon120px.png */ = {isa = PBXFileReference; lastKnownFileType = image.png; path = icon120px.png; sourceTree = "<group>"; };
		9FDE82DA1B453CA700B513AE /* icon180px.png */ = {isa = PBXFileReference; lastKnownFileType = image.png; path = icon180px.png; sourceTree = "<group>"; };
		9FDE82DB1B453CA700B513AE /* icon58px.png */ = {isa = PBXFileReference; lastKnownFileType = image.png; path = icon58px.png; sourceTree = "<group>"; };
		9FDE82DC1B453CA700B513AE /* icon80px.png */ = {isa = PBXFileReference; lastKnownFileType = image.png; path = icon80px.png; sourceTree = "<group>"; };
		9FDE82DD1B453CA700B513AE /* icon87px.png */ = {isa = PBXFileReference; lastKnownFileType = image.png; path = icon87px.png; sourceTree = "<group>"; };
		9FDE82DE1B453CA700B513AE /* launchScreen.png */ = {isa = PBXFileReference; lastKnownFileType = image.png; path = launchScreen.png; sourceTree = "<group>"; };
		9FDE82DF1B453CA700B513AE /* main_background.png */ = {isa = PBXFileReference; lastKnownFileType = image.png; path = main_background.png; sourceTree = "<group>"; };
		9FDE82E01B453CA700B513AE /* noonswoon.png */ = {isa = PBXFileReference; lastKnownFileType = image.png; path = noonswoon.png; sourceTree = "<group>"; };
		9FDE82E11B453CA700B513AE /* NoonswoonAds.png */ = {isa = PBXFileReference; lastKnownFileType = image.png; path = NoonswoonAds.png; sourceTree = "<group>"; };
		9FDE82E31B453CA700B513AE /* 1.png */ = {isa = PBXFileReference; lastKnownFileType = image.png; path = 1.png; sourceTree = "<group>"; };
		9FDE82E41B453CA700B513AE /* 10.png */ = {isa = PBXFileReference; lastKnownFileType = image.png; path = 10.png; sourceTree = "<group>"; };
		9FDE82E51B453CA700B513AE /* 11.png */ = {isa = PBXFileReference; lastKnownFileType = image.png; path = 11.png; sourceTree = "<group>"; };
		9FDE82E61B453CA700B513AE /* 12.png */ = {isa = PBXFileReference; lastKnownFileType = image.png; path = 12.png; sourceTree = "<group>"; };
		9FDE82E71B453CA700B513AE /* 13.png */ = {isa = PBXFileReference; lastKnownFileType = image.png; path = 13.png; sourceTree = "<group>"; };
		9FDE82E81B453CA700B513AE /* 14.png */ = {isa = PBXFileReference; lastKnownFileType = image.png; path = 14.png; sourceTree = "<group>"; };
		9FDE82E91B453CA700B513AE /* 15.png */ = {isa = PBXFileReference; lastKnownFileType = image.png; path = 15.png; sourceTree = "<group>"; };
		9FDE82EA1B453CA700B513AE /* 16.png */ = {isa = PBXFileReference; lastKnownFileType = image.png; path = 16.png; sourceTree = "<group>"; };
		9FDE82EB1B453CA700B513AE /* 17.png */ = {isa = PBXFileReference; lastKnownFileType = image.png; path = 17.png; sourceTree = "<group>"; };
		9FDE82EC1B453CA700B513AE /* 18.png */ = {isa = PBXFileReference; lastKnownFileType = image.png; path = 18.png; sourceTree = "<group>"; };
		9FDE82ED1B453CA700B513AE /* 19.png */ = {isa = PBXFileReference; lastKnownFileType = image.png; path = 19.png; sourceTree = "<group>"; };
		9FDE82EE1B453CA700B513AE /* 2.png */ = {isa = PBXFileReference; lastKnownFileType = image.png; path = 2.png; sourceTree = "<group>"; };
		9FDE82EF1B453CA700B513AE /* 20.png */ = {isa = PBXFileReference; lastKnownFileType = image.png; path = 20.png; sourceTree = "<group>"; };
		9FDE82F01B453CA700B513AE /* 21.png */ = {isa = PBXFileReference; lastKnownFileType = image.png; path = 21.png; sourceTree = "<group>"; };
		9FDE82F11B453CA700B513AE /* 22.png */ = {isa = PBXFileReference; lastKnownFileType = image.png; path = 22.png; sourceTree = "<group>"; };
		9FDE82F21B453CA700B513AE /* 23.png */ = {isa = PBXFileReference; lastKnownFileType = image.png; path = 23.png; sourceTree = "<group>"; };
		9FDE82F31B453CA700B513AE /* 3.png */ = {isa = PBXFileReference; lastKnownFileType = image.png; path = 3.png; sourceTree = "<group>"; };
		9FDE82F41B453CA700B513AE /* 4.png */ = {isa = PBXFileReference; lastKnownFileType = image.png; path = 4.png; sourceTree = "<group>"; };
		9FDE82F51B453CA700B513AE /* 5.png */ = {isa = PBXFileReference; lastKnownFileType = image.png; path = 5.png; sourceTree = "<group>"; };
		9FDE82F61B453CA700B513AE /* 6.png */ = {isa = PBXFileReference; lastKnownFileType = image.png; path = 6.png; sourceTree = "<group>"; };
		9FDE82F71B453CA700B513AE /* 7.png */ = {isa = PBXFileReference; lastKnownFileType = image.png; path = 7.png; sourceTree = "<group>"; };
		9FDE82F81B453CA700B513AE /* 8.png */ = {isa = PBXFileReference; lastKnownFileType = image.png; path = 8.png; sourceTree = "<group>"; };
		9FDE82F91B453CA700B513AE /* 9.png */ = {isa = PBXFileReference; lastKnownFileType = image.png; path = 9.png; sourceTree = "<group>"; };
		9FDE82FA1B453CA700B513AE /* retry.png */ = {isa = PBXFileReference; lastKnownFileType = image.png; path = retry.png; sourceTree = "<group>"; };
		9FDE82FC1B453CA700B513AE /* tempResult.png */ = {isa = PBXFileReference; lastKnownFileType = image.png; path = tempResult.png; sourceTree = "<group>"; };
		9FDE83261B454CDF00B513AE /* tempContentBackground.png */ = {isa = PBXFileReference; lastKnownFileType = image.png; path = tempContentBackground.png; sourceTree = "<group>"; };
/* End PBXFileReference section */

/* Begin PBXFrameworksBuildPhase section */
		9F0C17491B390C5300122D7C /* Frameworks */ = {
			isa = PBXFrameworksBuildPhase;
			buildActionMask = 2147483647;
			files = (
				9F0C17951B390EB800122D7C /* libsqlite3.dylib in Frameworks */,
				9F0C17931B390EAE00122D7C /* libz.dylib in Frameworks */,
				9F0C17911B390EA800122D7C /* SystemConfiguration.framework in Frameworks */,
				9F0C178F1B390EA300122D7C /* StoreKit.framework in Frameworks */,
				9F0C178D1B390E9C00122D7C /* Security.framework in Frameworks */,
				9F0C178B1B390E9600122D7C /* QuartzCore.framework in Frameworks */,
				9F0C17891B390E9000122D7C /* MobileCoreServices.framework in Frameworks */,
				9F0C17A01B3910DE00122D7C /* FBSDKCoreKit.framework in Frameworks */,
				9F0C17871B390E8B00122D7C /* CoreLocation.framework in Frameworks */,
				9F0C17851B390E8500122D7C /* CoreGraphics.framework in Frameworks */,
				9F0C17831B390E8000122D7C /* CFNetwork.framework in Frameworks */,
				9F0C17811B390E7A00122D7C /* AudioToolbox.framework in Frameworks */,
				9F0C17A21B3910DE00122D7C /* FBSDKShareKit.framework in Frameworks */,
				9F0C177F1B390E5800122D7C /* ParseUI.framework in Frameworks */,
				9F0C17A11B3910DE00122D7C /* FBSDKLoginKit.framework in Frameworks */,
				9F0C177B1B390E5800122D7C /* Parse.framework in Frameworks */,
				9F0C177C1B390E5800122D7C /* ParseCrashReporting.framework in Frameworks */,
				9F0C177D1B390E5800122D7C /* ParseFacebookUtils.framework in Frameworks */,
				9F0C177A1B390E5800122D7C /* Bolts.framework in Frameworks */,
				9F0C177E1B390E5800122D7C /* ParseFacebookUtilsV4.framework in Frameworks */,
			);
			runOnlyForDeploymentPostprocessing = 0;
		};
		9F0C17611B390C5300122D7C /* Frameworks */ = {
			isa = PBXFrameworksBuildPhase;
			buildActionMask = 2147483647;
			files = (
			);
			runOnlyForDeploymentPostprocessing = 0;
		};
/* End PBXFrameworksBuildPhase section */

/* Begin PBXGroup section */
		9F0C17431B390C5300122D7C = {
			isa = PBXGroup;
			children = (
				9F0C17961B390F6100122D7C /* Framework */,
				9F0C174E1B390C5300122D7C /* WhyDoPeopleLikeYou */,
				9F0C17671B390C5300122D7C /* WhyDoPeopleLikeYouTests */,
				9F0C174D1B390C5300122D7C /* Products */,
			);
			sourceTree = "<group>";
		};
		9F0C174D1B390C5300122D7C /* Products */ = {
			isa = PBXGroup;
			children = (
				9F0C174C1B390C5300122D7C /* WhyDoPeopleLikeYou.app */,
				9F0C17641B390C5300122D7C /* WhyDoPeopleLikeYouTests.xctest */,
			);
			name = Products;
			sourceTree = "<group>";
		};
		9F0C174E1B390C5300122D7C /* WhyDoPeopleLikeYou */ = {
			isa = PBXGroup;
			children = (
				9FDE82D31B453C8F00B513AE /* Resources */,
				9F18D16E1B39229800C97F52 /* SDWebImage */,
				9FD928591B43D06D007602DC /* Custom class */,
				9F0C17511B390C5300122D7C /* AppDelegate.swift */,
				9F0C17561B390C5300122D7C /* ViewController.swift */,
				9F11D8521B424BFA00B91BB3 /* QuestionViewController.swift */,
				9F297CEE1B429197006CFCED /* ResultViewController.swift */,
				9F0D0FA71B3A9EB900B24C86 /* AdvertisementViewController.swift */,
				9F18D1731B3943E900C97F52 /* DataController.swift */,
				9FD928621B44F28E007602DC /* RetryViewController.swift */,
				9FD64D381B43AAA4006B8CEA /* UserLogged.swift */,
				9F0C17581B390C5300122D7C /* Main.storyboard */,
				9F0C175B1B390C5300122D7C /* Images.xcassets */,
				9F0C175D1B390C5300122D7C /* LaunchScreen.xib */,
				9F0C17531B390C5300122D7C /* WhyDoPeopleLikeYou.xcdatamodeld */,
				9F0C174F1B390C5300122D7C /* Supporting Files */,
				9F0C17A31B3911B200122D7C /* WhyDoPeopleLikeYou-Bridging-Header.h */,
			);
			path = WhyDoPeopleLikeYou;
			sourceTree = "<group>";
		};
		9F0C174F1B390C5300122D7C /* Supporting Files */ = {
			isa = PBXGroup;
			children = (
				9F0C17501B390C5300122D7C /* Info.plist */,
			);
			name = "Supporting Files";
			sourceTree = "<group>";
		};
		9F0C17671B390C5300122D7C /* WhyDoPeopleLikeYouTests */ = {
			isa = PBXGroup;
			children = (
				9F0C176A1B390C5300122D7C /* WhyDoPeopleLikeYouTests.swift */,
				9F0C17681B390C5300122D7C /* Supporting Files */,
			);
			path = WhyDoPeopleLikeYouTests;
			sourceTree = "<group>";
		};
		9F0C17681B390C5300122D7C /* Supporting Files */ = {
			isa = PBXGroup;
			children = (
				9F0C17691B390C5300122D7C /* Info.plist */,
			);
			name = "Supporting Files";
			sourceTree = "<group>";
		};
		9F0C17961B390F6100122D7C /* Framework */ = {
			isa = PBXGroup;
			children = (
				9F0C179D1B3910DE00122D7C /* FBSDKCoreKit.framework */,
				9F0C179E1B3910DE00122D7C /* FBSDKLoginKit.framework */,
				9F0C179F1B3910DE00122D7C /* FBSDKShareKit.framework */,
				9F0C17941B390EB800122D7C /* libsqlite3.dylib */,
				9F0C17921B390EAE00122D7C /* libz.dylib */,
				9F0C17901B390EA800122D7C /* SystemConfiguration.framework */,
				9F0C178E1B390EA300122D7C /* StoreKit.framework */,
				9F0C178C1B390E9C00122D7C /* Security.framework */,
				9F0C178A1B390E9600122D7C /* QuartzCore.framework */,
				9F0C17881B390E9000122D7C /* MobileCoreServices.framework */,
				9F0C17861B390E8B00122D7C /* CoreLocation.framework */,
				9F0C17841B390E8500122D7C /* CoreGraphics.framework */,
				9F0C17821B390E8000122D7C /* CFNetwork.framework */,
				9F0C17801B390E7A00122D7C /* AudioToolbox.framework */,
				9F0C17741B390E5800122D7C /* Bolts.framework */,
				9F0C17751B390E5800122D7C /* Parse.framework */,
				9F0C17761B390E5800122D7C /* ParseCrashReporting.framework */,
				9F0C17771B390E5800122D7C /* ParseFacebookUtils.framework */,
				9F0C17781B390E5800122D7C /* ParseFacebookUtilsV4.framework */,
				9F0C17791B390E5800122D7C /* ParseUI.framework */,
			);
			name = Framework;
			sourceTree = "<group>";
		};
		9F18D16E1B39229800C97F52 /* SDWebImage */ = {
			isa = PBXGroup;
			children = (
				9F18D1431B39229000C97F52 /* NSData+ImageContentType.h */,
				9F18D1441B39229000C97F52 /* NSData+ImageContentType.m */,
				9F18D1451B39229000C97F52 /* SDImageCache.h */,
				9F18D1461B39229000C97F52 /* SDImageCache.m */,
				9F18D1471B39229000C97F52 /* SDWebImageCompat.h */,
				9F18D1481B39229000C97F52 /* SDWebImageCompat.m */,
				9F18D1491B39229000C97F52 /* SDWebImageDecoder.h */,
				9F18D14A1B39229000C97F52 /* SDWebImageDecoder.m */,
				9F18D14B1B39229000C97F52 /* SDWebImageDownloader.h */,
				9F18D14C1B39229000C97F52 /* SDWebImageDownloader.m */,
				9F18D14D1B39229000C97F52 /* SDWebImageDownloaderOperation.h */,
				9F18D14E1B39229000C97F52 /* SDWebImageDownloaderOperation.m */,
				9F18D14F1B39229000C97F52 /* SDWebImageManager.h */,
				9F18D1501B39229000C97F52 /* SDWebImageManager.m */,
				9F18D1511B39229000C97F52 /* SDWebImageOperation.h */,
				9F18D1521B39229000C97F52 /* SDWebImagePrefetcher.h */,
				9F18D1531B39229000C97F52 /* SDWebImagePrefetcher.m */,
				9F18D1541B39229000C97F52 /* UIButton+WebCache.h */,
				9F18D1551B39229000C97F52 /* UIButton+WebCache.m */,
				9F18D1561B39229000C97F52 /* UIImage+GIF.h */,
				9F18D1571B39229000C97F52 /* UIImage+GIF.m */,
				9F18D1581B39229000C97F52 /* UIImage+MultiFormat.h */,
				9F18D1591B39229000C97F52 /* UIImage+MultiFormat.m */,
				9F18D15A1B39229000C97F52 /* UIImageView+HighlightedWebCache.h */,
				9F18D15B1B39229000C97F52 /* UIImageView+HighlightedWebCache.m */,
				9F18D15C1B39229100C97F52 /* UIImageView+WebCache.h */,
				9F18D15D1B39229100C97F52 /* UIImageView+WebCache.m */,
				9F18D15E1B39229100C97F52 /* UIView+WebCacheOperation.h */,
				9F18D15F1B39229100C97F52 /* UIView+WebCacheOperation.m */,
			);
			name = SDWebImage;
			sourceTree = "<group>";
		};
		9FD928591B43D06D007602DC /* Custom class */ = {
			isa = PBXGroup;
			children = (
				9F18D16F1B3922D600C97F52 /* CircularLoaderView.swift */,
				9F11D8501B415CBC00B91BB3 /* CustomAlertView.swift */,
				9F18D1701B3922D600C97F52 /* CustomImageView.swift */,
				9F11D84B1B4151D800B91BB3 /* SwiftSpinner.swift */,
			);
			name = "Custom class";
			sourceTree = "<group>";
		};
		9FDE82D31B453C8F00B513AE /* Resources */ = {
			isa = PBXGroup;
			children = (
				9FDE82D41B453CA700B513AE /* Images */,
			);
			name = Resources;
			sourceTree = "<group>";
		};
		9FDE82D41B453CA700B513AE /* Images */ = {
			isa = PBXGroup;
			children = (
				9FDE82D51B453CA700B513AE /* background2.png */,
				9FDE82D61B453CA700B513AE /* icon.psd */,
				9FDE82D91B453CA700B513AE /* icon120px.png */,
				9FDE82DA1B453CA700B513AE /* icon180px.png */,
				9FDE82DB1B453CA700B513AE /* icon58px.png */,
				9FDE82DC1B453CA700B513AE /* icon80px.png */,
				9FDE82DD1B453CA700B513AE /* icon87px.png */,
				9FDE82DE1B453CA700B513AE /* launchScreen.png */,
				9FDE82DF1B453CA700B513AE /* main_background.png */,
				9FDE82E01B453CA700B513AE /* noonswoon.png */,
				9FC9A17D1B4694780033643B /* testRatioImage.png */,
				9FDE82E11B453CA700B513AE /* NoonswoonAds.png */,
				9FDE82E21B453CA700B513AE /* ResultPictures */,
				9FDE82FA1B453CA700B513AE /* retry.png */,
				9FDE82FC1B453CA700B513AE /* tempResult.png */,
				9FDE83261B454CDF00B513AE /* tempContentBackground.png */,
			);
			path = Images;
			sourceTree = "<group>";
		};
		9FDE82E21B453CA700B513AE /* ResultPictures */ = {
			isa = PBXGroup;
			children = (
				9FDE82E31B453CA700B513AE /* 1.png */,
				9FDE82E41B453CA700B513AE /* 10.png */,
				9FDE82E51B453CA700B513AE /* 11.png */,
				9FDE82E61B453CA700B513AE /* 12.png */,
				9FDE82E71B453CA700B513AE /* 13.png */,
				9FDE82E81B453CA700B513AE /* 14.png */,
				9FDE82E91B453CA700B513AE /* 15.png */,
				9FDE82EA1B453CA700B513AE /* 16.png */,
				9FDE82EB1B453CA700B513AE /* 17.png */,
				9FDE82EC1B453CA700B513AE /* 18.png */,
				9FDE82ED1B453CA700B513AE /* 19.png */,
				9FDE82EE1B453CA700B513AE /* 2.png */,
				9FDE82EF1B453CA700B513AE /* 20.png */,
				9FDE82F01B453CA700B513AE /* 21.png */,
				9FDE82F11B453CA700B513AE /* 22.png */,
				9FDE82F21B453CA700B513AE /* 23.png */,
				9FDE82F31B453CA700B513AE /* 3.png */,
				9FDE82F41B453CA700B513AE /* 4.png */,
				9FDE82F51B453CA700B513AE /* 5.png */,
				9FDE82F61B453CA700B513AE /* 6.png */,
				9FDE82F71B453CA700B513AE /* 7.png */,
				9FDE82F81B453CA700B513AE /* 8.png */,
				9FDE82F91B453CA700B513AE /* 9.png */,
			);
			path = ResultPictures;
			sourceTree = "<group>";
		};
/* End PBXGroup section */

/* Begin PBXNativeTarget section */
		9F0C174B1B390C5300122D7C /* WhyDoPeopleLikeYou */ = {
			isa = PBXNativeTarget;
			buildConfigurationList = 9F0C176E1B390C5300122D7C /* Build configuration list for PBXNativeTarget "WhyDoPeopleLikeYou" */;
			buildPhases = (
				9F0C17481B390C5300122D7C /* Sources */,
				9F0C17491B390C5300122D7C /* Frameworks */,
				9F0C174A1B390C5300122D7C /* Resources */,
			);
			buildRules = (
			);
			dependencies = (
			);
			name = WhyDoPeopleLikeYou;
			productName = WhyDoPeopleLikeYou;
			productReference = 9F0C174C1B390C5300122D7C /* WhyDoPeopleLikeYou.app */;
			productType = "com.apple.product-type.application";
		};
		9F0C17631B390C5300122D7C /* WhyDoPeopleLikeYouTests */ = {
			isa = PBXNativeTarget;
			buildConfigurationList = 9F0C17711B390C5300122D7C /* Build configuration list for PBXNativeTarget "WhyDoPeopleLikeYouTests" */;
			buildPhases = (
				9F0C17601B390C5300122D7C /* Sources */,
				9F0C17611B390C5300122D7C /* Frameworks */,
				9F0C17621B390C5300122D7C /* Resources */,
			);
			buildRules = (
			);
			dependencies = (
				9F0C17661B390C5300122D7C /* PBXTargetDependency */,
			);
			name = WhyDoPeopleLikeYouTests;
			productName = WhyDoPeopleLikeYouTests;
			productReference = 9F0C17641B390C5300122D7C /* WhyDoPeopleLikeYouTests.xctest */;
			productType = "com.apple.product-type.bundle.unit-test";
		};
/* End PBXNativeTarget section */

/* Begin PBXProject section */
		9F0C17441B390C5300122D7C /* Project object */ = {
			isa = PBXProject;
			attributes = {
				LastUpgradeCheck = 0630;
				ORGANIZATIONNAME = "KHUN NINE";
				TargetAttributes = {
					9F0C174B1B390C5300122D7C = {
						CreatedOnToolsVersion = 6.3;
					};
					9F0C17631B390C5300122D7C = {
						CreatedOnToolsVersion = 6.3;
						TestTargetID = 9F0C174B1B390C5300122D7C;
					};
				};
			};
			buildConfigurationList = 9F0C17471B390C5300122D7C /* Build configuration list for PBXProject "WhyDoPeopleLikeYou" */;
			compatibilityVersion = "Xcode 3.2";
			developmentRegion = English;
			hasScannedForEncodings = 0;
			knownRegions = (
				en,
				Base,
			);
			mainGroup = 9F0C17431B390C5300122D7C;
			productRefGroup = 9F0C174D1B390C5300122D7C /* Products */;
			projectDirPath = "";
			projectRoot = "";
			targets = (
				9F0C174B1B390C5300122D7C /* WhyDoPeopleLikeYou */,
				9F0C17631B390C5300122D7C /* WhyDoPeopleLikeYouTests */,
			);
		};
/* End PBXProject section */

/* Begin PBXResourcesBuildPhase section */
		9F0C174A1B390C5300122D7C /* Resources */ = {
			isa = PBXResourcesBuildPhase;
			buildActionMask = 2147483647;
			files = (
				9FDE831A1B453CA700B513AE /* 3.png in Resources */,
				9FDE83131B453CA700B513AE /* 18.png in Resources */,
				9FDE830D1B453CA700B513AE /* 12.png in Resources */,
				9FDE83151B453CA700B513AE /* 2.png in Resources */,
				9FDE831B1B453CA700B513AE /* 4.png in Resources */,
				9FDE830F1B453CA700B513AE /* 14.png in Resources */,
				9FDE830A1B453CA700B513AE /* 1.png in Resources */,
				9FDE83181B453CA700B513AE /* 22.png in Resources */,
				9FDE82FE1B453CA700B513AE /* icon.psd in Resources */,
				9FDE83121B453CA700B513AE /* 17.png in Resources */,
				9FDE831C1B453CA700B513AE /* 5.png in Resources */,
				9FDE82FD1B453CA700B513AE /* background2.png in Resources */,
				9FDE83101B453CA700B513AE /* 15.png in Resources */,
				9FDE83111B453CA700B513AE /* 16.png in Resources */,
				9FDE83161B453CA700B513AE /* 20.png in Resources */,
				9FDE83011B453CA700B513AE /* icon120px.png in Resources */,
				9FDE83081B453CA700B513AE /* noonswoon.png in Resources */,
				9FDE83041B453CA700B513AE /* icon80px.png in Resources */,
				9FDE830C1B453CA700B513AE /* 11.png in Resources */,
				9F0C175A1B390C5300122D7C /* Main.storyboard in Resources */,
				9FDE831E1B453CA700B513AE /* 7.png in Resources */,
				9FDE83271B454CDF00B513AE /* tempContentBackground.png in Resources */,
				9F0C175F1B390C5300122D7C /* LaunchScreen.xib in Resources */,
				9FDE83061B453CA700B513AE /* launchScreen.png in Resources */,
				9FDE83171B453CA700B513AE /* 21.png in Resources */,
				9FDE83231B453CA700B513AE /* tempResult.png in Resources */,
				9FDE83211B453CA700B513AE /* retry.png in Resources */,
				9FDE831F1B453CA700B513AE /* 8.png in Resources */,
				9FDE83031B453CA700B513AE /* icon58px.png in Resources */,
				9FDE83091B453CA700B513AE /* NoonswoonAds.png in Resources */,
				9FC9A17E1B4694780033643B /* testRatioImage.png in Resources */,
				9F0C175C1B390C5300122D7C /* Images.xcassets in Resources */,
				9FDE83201B453CA700B513AE /* 9.png in Resources */,
				9FDE830B1B453CA700B513AE /* 10.png in Resources */,
				9FDE83021B453CA700B513AE /* icon180px.png in Resources */,
				9FDE831D1B453CA700B513AE /* 6.png in Resources */,
				9FDE83141B453CA700B513AE /* 19.png in Resources */,
				9FDE83071B453CA700B513AE /* main_background.png in Resources */,
				9FDE83051B453CA700B513AE /* icon87px.png in Resources */,
				9FDE83191B453CA700B513AE /* 23.png in Resources */,
				9FDE830E1B453CA700B513AE /* 13.png in Resources */,
			);
			runOnlyForDeploymentPostprocessing = 0;
		};
		9F0C17621B390C5300122D7C /* Resources */ = {
			isa = PBXResourcesBuildPhase;
			buildActionMask = 2147483647;
			files = (
			);
			runOnlyForDeploymentPostprocessing = 0;
		};
/* End PBXResourcesBuildPhase section */

/* Begin PBXSourcesBuildPhase section */
		9F0C17481B390C5300122D7C /* Sources */ = {
			isa = PBXSourcesBuildPhase;
			buildActionMask = 2147483647;
			files = (
				9F18D16D1B39229100C97F52 /* UIView+WebCacheOperation.m in Sources */,
				9F18D1691B39229100C97F52 /* UIImage+GIF.m in Sources */,
				9F18D1641B39229100C97F52 /* SDWebImageDownloader.m in Sources */,
				9F18D1681B39229100C97F52 /* UIButton+WebCache.m in Sources */,
				9F18D16B1B39229100C97F52 /* UIImageView+HighlightedWebCache.m in Sources */,
				9F18D1741B3943E900C97F52 /* DataController.swift in Sources */,
				9F18D1631B39229100C97F52 /* SDWebImageDecoder.m in Sources */,
				9F0C17571B390C5300122D7C /* ViewController.swift in Sources */,
				9F18D1621B39229100C97F52 /* SDWebImageCompat.m in Sources */,
				9F18D1711B3922D600C97F52 /* CircularLoaderView.swift in Sources */,
				9F297CEF1B429197006CFCED /* ResultViewController.swift in Sources */,
				9F0C17521B390C5300122D7C /* AppDelegate.swift in Sources */,
				9F18D1601B39229100C97F52 /* NSData+ImageContentType.m in Sources */,
				9F18D1651B39229100C97F52 /* SDWebImageDownloaderOperation.m in Sources */,
				9F18D1721B3922D600C97F52 /* CustomImageView.swift in Sources */,
				9F11D8531B424BFA00B91BB3 /* QuestionViewController.swift in Sources */,
				9F18D16C1B39229100C97F52 /* UIImageView+WebCache.m in Sources */,
				9F18D1661B39229100C97F52 /* SDWebImageManager.m in Sources */,
				9FD64D391B43AAA4006B8CEA /* UserLogged.swift in Sources */,
				9F18D16A1B39229100C97F52 /* UIImage+MultiFormat.m in Sources */,
				9F11D84C1B4151D800B91BB3 /* SwiftSpinner.swift in Sources */,
				9F0D0FA81B3A9EB900B24C86 /* AdvertisementViewController.swift in Sources */,
				9F18D1671B39229100C97F52 /* SDWebImagePrefetcher.m in Sources */,
				9FD928631B44F28E007602DC /* RetryViewController.swift in Sources */,
				9F11D8511B415CBC00B91BB3 /* CustomAlertView.swift in Sources */,
				9F0C17551B390C5300122D7C /* WhyDoPeopleLikeYou.xcdatamodeld in Sources */,
				9F18D1611B39229100C97F52 /* SDImageCache.m in Sources */,
			);
			runOnlyForDeploymentPostprocessing = 0;
		};
		9F0C17601B390C5300122D7C /* Sources */ = {
			isa = PBXSourcesBuildPhase;
			buildActionMask = 2147483647;
			files = (
				9F0C176B1B390C5300122D7C /* WhyDoPeopleLikeYouTests.swift in Sources */,
			);
			runOnlyForDeploymentPostprocessing = 0;
		};
/* End PBXSourcesBuildPhase section */

/* Begin PBXTargetDependency section */
		9F0C17661B390C5300122D7C /* PBXTargetDependency */ = {
			isa = PBXTargetDependency;
			target = 9F0C174B1B390C5300122D7C /* WhyDoPeopleLikeYou */;
			targetProxy = 9F0C17651B390C5300122D7C /* PBXContainerItemProxy */;
		};
/* End PBXTargetDependency section */

/* Begin PBXVariantGroup section */
		9F0C17581B390C5300122D7C /* Main.storyboard */ = {
			isa = PBXVariantGroup;
			children = (
				9F0C17591B390C5300122D7C /* Base */,
			);
			name = Main.storyboard;
			sourceTree = "<group>";
		};
		9F0C175D1B390C5300122D7C /* LaunchScreen.xib */ = {
			isa = PBXVariantGroup;
			children = (
				9F0C175E1B390C5300122D7C /* Base */,
			);
			name = LaunchScreen.xib;
			sourceTree = "<group>";
		};
/* End PBXVariantGroup section */

/* Begin XCBuildConfiguration section */
		9F0C176C1B390C5300122D7C /* Debug */ = {
			isa = XCBuildConfiguration;
			buildSettings = {
				ALWAYS_SEARCH_USER_PATHS = NO;
				CLANG_CXX_LANGUAGE_STANDARD = "gnu++0x";
				CLANG_CXX_LIBRARY = "libc++";
				CLANG_ENABLE_MODULES = YES;
				CLANG_ENABLE_OBJC_ARC = YES;
				CLANG_WARN_BOOL_CONVERSION = YES;
				CLANG_WARN_CONSTANT_CONVERSION = YES;
				CLANG_WARN_DIRECT_OBJC_ISA_USAGE = YES_ERROR;
				CLANG_WARN_EMPTY_BODY = YES;
				CLANG_WARN_ENUM_CONVERSION = YES;
				CLANG_WARN_INT_CONVERSION = YES;
				CLANG_WARN_OBJC_ROOT_CLASS = YES_ERROR;
				CLANG_WARN_UNREACHABLE_CODE = YES;
				CLANG_WARN__DUPLICATE_METHOD_MATCH = YES;
				"CODE_SIGN_IDENTITY[sdk=iphoneos*]" = "iPhone Developer";
				COPY_PHASE_STRIP = NO;
				DEBUG_INFORMATION_FORMAT = "dwarf-with-dsym";
				ENABLE_STRICT_OBJC_MSGSEND = YES;
				GCC_C_LANGUAGE_STANDARD = gnu99;
				GCC_DYNAMIC_NO_PIC = NO;
				GCC_NO_COMMON_BLOCKS = YES;
				GCC_OPTIMIZATION_LEVEL = 0;
				GCC_PREPROCESSOR_DEFINITIONS = (
					"DEBUG=1",
					"$(inherited)",
				);
				GCC_SYMBOLS_PRIVATE_EXTERN = NO;
				GCC_WARN_64_TO_32_BIT_CONVERSION = YES;
				GCC_WARN_ABOUT_RETURN_TYPE = YES_ERROR;
				GCC_WARN_UNDECLARED_SELECTOR = YES;
				GCC_WARN_UNINITIALIZED_AUTOS = YES_AGGRESSIVE;
				GCC_WARN_UNUSED_FUNCTION = YES;
				GCC_WARN_UNUSED_VARIABLE = YES;
				IPHONEOS_DEPLOYMENT_TARGET = 8.3;
				MTL_ENABLE_DEBUG_INFO = YES;
				ONLY_ACTIVE_ARCH = YES;
				SDKROOT = iphoneos;
				SWIFT_OPTIMIZATION_LEVEL = "-Onone";
			};
			name = Debug;
		};
		9F0C176D1B390C5300122D7C /* Release */ = {
			isa = XCBuildConfiguration;
			buildSettings = {
				ALWAYS_SEARCH_USER_PATHS = NO;
				CLANG_CXX_LANGUAGE_STANDARD = "gnu++0x";
				CLANG_CXX_LIBRARY = "libc++";
				CLANG_ENABLE_MODULES = YES;
				CLANG_ENABLE_OBJC_ARC = YES;
				CLANG_WARN_BOOL_CONVERSION = YES;
				CLANG_WARN_CONSTANT_CONVERSION = YES;
				CLANG_WARN_DIRECT_OBJC_ISA_USAGE = YES_ERROR;
				CLANG_WARN_EMPTY_BODY = YES;
				CLANG_WARN_ENUM_CONVERSION = YES;
				CLANG_WARN_INT_CONVERSION = YES;
				CLANG_WARN_OBJC_ROOT_CLASS = YES_ERROR;
				CLANG_WARN_UNREACHABLE_CODE = YES;
				CLANG_WARN__DUPLICATE_METHOD_MATCH = YES;
				"CODE_SIGN_IDENTITY[sdk=iphoneos*]" = "iPhone Developer";
				COPY_PHASE_STRIP = NO;
				DEBUG_INFORMATION_FORMAT = "dwarf-with-dsym";
				ENABLE_NS_ASSERTIONS = NO;
				ENABLE_STRICT_OBJC_MSGSEND = YES;
				GCC_C_LANGUAGE_STANDARD = gnu99;
				GCC_NO_COMMON_BLOCKS = YES;
				GCC_WARN_64_TO_32_BIT_CONVERSION = YES;
				GCC_WARN_ABOUT_RETURN_TYPE = YES_ERROR;
				GCC_WARN_UNDECLARED_SELECTOR = YES;
				GCC_WARN_UNINITIALIZED_AUTOS = YES_AGGRESSIVE;
				GCC_WARN_UNUSED_FUNCTION = YES;
				GCC_WARN_UNUSED_VARIABLE = YES;
				IPHONEOS_DEPLOYMENT_TARGET = 8.3;
				MTL_ENABLE_DEBUG_INFO = NO;
				SDKROOT = iphoneos;
				VALIDATE_PRODUCT = YES;
			};
			name = Release;
		};
		9F0C176F1B390C5300122D7C /* Debug */ = {
			isa = XCBuildConfiguration;
			buildSettings = {
				ASSETCATALOG_COMPILER_APPICON_NAME = AppIcon;
				CLANG_ENABLE_MODULES = YES;
				FRAMEWORK_SEARCH_PATHS = (
					"$(inherited)",
					"$(PROJECT_DIR)/Framework",
					/Users/KHUNNINE/Documents/FacebookSDK,
				);
				INFOPLIST_FILE = WhyDoPeopleLikeYou/Info.plist;
				LD_RUNPATH_SEARCH_PATHS = "$(inherited) @executable_path/Frameworks";
				PRODUCT_NAME = "$(TARGET_NAME)";
				SWIFT_OBJC_BRIDGING_HEADER = "WhyDoPeopleLikeYou/WhyDoPeopleLikeYou-Bridging-Header.h";
				SWIFT_OPTIMIZATION_LEVEL = "-Onone";
			};
			name = Debug;
		};
		9F0C17701B390C5300122D7C /* Release */ = {
			isa = XCBuildConfiguration;
			buildSettings = {
				ASSETCATALOG_COMPILER_APPICON_NAME = AppIcon;
				CLANG_ENABLE_MODULES = YES;
				FRAMEWORK_SEARCH_PATHS = (
					"$(inherited)",
					"$(PROJECT_DIR)/Framework",
					/Users/KHUNNINE/Documents/FacebookSDK,
				);
				INFOPLIST_FILE = WhyDoPeopleLikeYou/Info.plist;
				LD_RUNPATH_SEARCH_PATHS = "$(inherited) @executable_path/Frameworks";
				PRODUCT_NAME = "$(TARGET_NAME)";
				SWIFT_OBJC_BRIDGING_HEADER = "WhyDoPeopleLikeYou/WhyDoPeopleLikeYou-Bridging-Header.h";
			};
			name = Release;
		};
		9F0C17721B390C5300122D7C /* Debug */ = {
			isa = XCBuildConfiguration;
			buildSettings = {
				BUNDLE_LOADER = "$(TEST_HOST)";
				FRAMEWORK_SEARCH_PATHS = (
					"$(SDKROOT)/Developer/Library/Frameworks",
					"$(inherited)",
				);
				GCC_PREPROCESSOR_DEFINITIONS = (
					"DEBUG=1",
					"$(inherited)",
				);
				INFOPLIST_FILE = WhyDoPeopleLikeYouTests/Info.plist;
				LD_RUNPATH_SEARCH_PATHS = "$(inherited) @executable_path/Frameworks @loader_path/Frameworks";
				PRODUCT_NAME = "$(TARGET_NAME)";
				TEST_HOST = "$(BUILT_PRODUCTS_DIR)/WhyDoPeopleLikeYou.app/WhyDoPeopleLikeYou";
			};
			name = Debug;
		};
		9F0C17731B390C5300122D7C /* Release */ = {
			isa = XCBuildConfiguration;
			buildSettings = {
				BUNDLE_LOADER = "$(TEST_HOST)";
				FRAMEWORK_SEARCH_PATHS = (
					"$(SDKROOT)/Developer/Library/Frameworks",
					"$(inherited)",
				);
				INFOPLIST_FILE = WhyDoPeopleLikeYouTests/Info.plist;
				LD_RUNPATH_SEARCH_PATHS = "$(inherited) @executable_path/Frameworks @loader_path/Frameworks";
				PRODUCT_NAME = "$(TARGET_NAME)";
				TEST_HOST = "$(BUILT_PRODUCTS_DIR)/WhyDoPeopleLikeYou.app/WhyDoPeopleLikeYou";
			};
			name = Release;
		};
/* End XCBuildConfiguration section */

/* Begin XCConfigurationList section */
		9F0C17471B390C5300122D7C /* Build configuration list for PBXProject "WhyDoPeopleLikeYou" */ = {
			isa = XCConfigurationList;
			buildConfigurations = (
				9F0C176C1B390C5300122D7C /* Debug */,
				9F0C176D1B390C5300122D7C /* Release */,
			);
			defaultConfigurationIsVisible = 0;
			defaultConfigurationName = Release;
		};
		9F0C176E1B390C5300122D7C /* Build configuration list for PBXNativeTarget "WhyDoPeopleLikeYou" */ = {
			isa = XCConfigurationList;
			buildConfigurations = (
				9F0C176F1B390C5300122D7C /* Debug */,
				9F0C17701B390C5300122D7C /* Release */,
			);
			defaultConfigurationIsVisible = 0;
			defaultConfigurationName = Release;
		};
		9F0C17711B390C5300122D7C /* Build configuration list for PBXNativeTarget "WhyDoPeopleLikeYouTests" */ = {
			isa = XCConfigurationList;
			buildConfigurations = (
				9F0C17721B390C5300122D7C /* Debug */,
				9F0C17731B390C5300122D7C /* Release */,
			);
			defaultConfigurationIsVisible = 0;
			defaultConfigurationName = Release;
		};
/* End XCConfigurationList section */

/* Begin XCVersionGroup section */
		9F0C17531B390C5300122D7C /* WhyDoPeopleLikeYou.xcdatamodeld */ = {
			isa = XCVersionGroup;
			children = (
				9F0C17541B390C5300122D7C /* WhyDoPeopleLikeYou.xcdatamodel */,
			);
			currentVersion = 9F0C17541B390C5300122D7C /* WhyDoPeopleLikeYou.xcdatamodel */;
			path = WhyDoPeopleLikeYou.xcdatamodeld;
			sourceTree = "<group>";
			versionGroupType = wrapper.xcdatamodel;
		};
/* End XCVersionGroup section */
	};
	rootObject = 9F0C17441B390C5300122D7C /* Project object */;
}
